// !$*UTF8*$!
{
	archiveVersion = 1;
	classes = {
	};
	objectVersion = 56;
	objects = {

/* Begin PBXBuildFile section */
		8B010D1A2D8B45690040A4FC /* UIBlockingProgressHUD.swift in Sources */ = {isa = PBXBuildFile; fileRef = 8B010D192D8B45690040A4FC /* UIBlockingProgressHUD.swift */; };
		8B010D262DA4F2120040A4FC /* ProfileService.swift in Sources */ = {isa = PBXBuildFile; fileRef = 8B010D252DA4F2120040A4FC /* ProfileService.swift */; };
		8B010D282DA705670040A4FC /* ProfileImageService.swift in Sources */ = {isa = PBXBuildFile; fileRef = 8B010D272DA705670040A4FC /* ProfileImageService.swift */; };
		8B010D2A2DA968810040A4FC /* NetworkService.swift in Sources */ = {isa = PBXBuildFile; fileRef = 8B010D292DA968810040A4FC /* NetworkService.swift */; };
		8B010D2D2DA9E5050040A4FC /* Kingfisher in Frameworks */ = {isa = PBXBuildFile; productRef = 8B010D2C2DA9E5050040A4FC /* Kingfisher */; };
		8B010D302DAA65E70040A4FC /* SwiftKeychainWrapper in Frameworks */ = {isa = PBXBuildFile; productRef = 8B010D2F2DAA65E70040A4FC /* SwiftKeychainWrapper */; };
		8B010D322DAD1D5F0040A4FC /* TabBarController.swift in Sources */ = {isa = PBXBuildFile; fileRef = 8B010D312DAD1D5F0040A4FC /* TabBarController.swift */; };
		8B0B7FC32D57EF7D002541CA /* Main.storyboard in Resources */ = {isa = PBXBuildFile; fileRef = 8B713F052D366CED0012AC23 /* Main.storyboard */; };
		8B470F352D47CE3F008D8A07 /* ImagesListCell.swift in Sources */ = {isa = PBXBuildFile; fileRef = 8B470F342D47CE3F008D8A07 /* ImagesListCell.swift */; };
		8B470F412D55E93B008D8A07 /* ProfileViewController.swift in Sources */ = {isa = PBXBuildFile; fileRef = 8B470F402D55E93B008D8A07 /* ProfileViewController.swift */; };
		8B4F42392D5CF47600FF5892 /* SingleImageViewController.swift in Sources */ = {isa = PBXBuildFile; fileRef = 8B4F42382D5CF47600FF5892 /* SingleImageViewController.swift */; };
		8B6280B52D84EC5300A3D5E7 /* ProgressHUD in Frameworks */ = {isa = PBXBuildFile; productRef = 8B6280B42D84EC5300A3D5E7 /* ProgressHUD */; };
		8B713F002D366CED0012AC23 /* AppDelegate.swift in Sources */ = {isa = PBXBuildFile; fileRef = 8B713EFF2D366CED0012AC23 /* AppDelegate.swift */; };
		8B713F022D366CED0012AC23 /* SceneDelegate.swift in Sources */ = {isa = PBXBuildFile; fileRef = 8B713F012D366CED0012AC23 /* SceneDelegate.swift */; };
		8B713F042D366CED0012AC23 /* ImagesListViewController.swift in Sources */ = {isa = PBXBuildFile; fileRef = 8B713F032D366CED0012AC23 /* ImagesListViewController.swift */; };
		8B713F072D366CED0012AC23 /* Base in Resources */ = {isa = PBXBuildFile; fileRef = 8B713F062D366CED0012AC23 /* Base */; };
		8B713F092D366CEF0012AC23 /* Assets.xcassets in Resources */ = {isa = PBXBuildFile; fileRef = 8B713F082D366CEF0012AC23 /* Assets.xcassets */; };
		8B713F0C2D366CEF0012AC23 /* Base in Resources */ = {isa = PBXBuildFile; fileRef = 8B713F0B2D366CEF0012AC23 /* Base */; };
		8B925B482DB80A9C00A761DD /* Photo .swift in Sources */ = {isa = PBXBuildFile; fileRef = 8B925B472DB80A9C00A761DD /* Photo .swift */; };
		8B925B4A2DB80ABE00A761DD /* PhotoResult.swift in Sources */ = {isa = PBXBuildFile; fileRef = 8B925B492DB80ABE00A761DD /* PhotoResult.swift */; };
		8BA2C1992DCA93A100A44C18 /* Array+Extensions.swift in Sources */ = {isa = PBXBuildFile; fileRef = 8BA2C1982DCA93A100A44C18 /* Array+Extensions.swift */; };
		8BA2C19B2DCEC07600A44C18 /* ProfileLogoutService.swift in Sources */ = {isa = PBXBuildFile; fileRef = 8BA2C19A2DCEC07600A44C18 /* ProfileLogoutService.swift */; };
		8BCC328F2DB1B9A5009B500D /* Profile.swift in Sources */ = {isa = PBXBuildFile; fileRef = 8BCC328E2DB1B9A5009B500D /* Profile.swift */; };
		8BCC32912DB1B9D4009B500D /* ProfileResult.swift in Sources */ = {isa = PBXBuildFile; fileRef = 8BCC32902DB1B9D4009B500D /* ProfileResult.swift */; };
		8BCC32982DB63262009B500D /* ImagesListService.swift in Sources */ = {isa = PBXBuildFile; fileRef = 8BCC32972DB63262009B500D /* ImagesListService.swift */; };
		8BD136132D78E96E00ED0B4B /* OAuthTokenResponseBody.swift in Sources */ = {isa = PBXBuildFile; fileRef = 8BD136122D78E96E00ED0B4B /* OAuthTokenResponseBody.swift */; };
		8BD136152D78E9F700ED0B4B /* OAuth2TokenStorage.swift in Sources */ = {isa = PBXBuildFile; fileRef = 8BD136142D78E9F700ED0B4B /* OAuth2TokenStorage.swift */; };
		8BD136182D79672E00ED0B4B /* SplashViewController.swift in Sources */ = {isa = PBXBuildFile; fileRef = 8BD136172D79672E00ED0B4B /* SplashViewController.swift */; };
		8BEF23432D6721F1004CDD81 /* Constants.swift in Sources */ = {isa = PBXBuildFile; fileRef = 8BEF23422D6721F1004CDD81 /* Constants.swift */; };
		8BEF23452D673C1F004CDD81 /* AuthViewController.swift in Sources */ = {isa = PBXBuildFile; fileRef = 8BEF23442D673C1F004CDD81 /* AuthViewController.swift */; };
		8BEF23482D673D07004CDD81 /* WebViewViewController.swift in Sources */ = {isa = PBXBuildFile; fileRef = 8BEF23472D673D07004CDD81 /* WebViewViewController.swift */; };
		8BF5ABE22D76616A0055C2AB /* OAuth2Service.swift in Sources */ = {isa = PBXBuildFile; fileRef = 8BF5ABE12D7661690055C2AB /* OAuth2Service.swift */; };
		8BF5ABE42D76B6B20055C2AB /* URLSession+data.swift in Sources */ = {isa = PBXBuildFile; fileRef = 8BF5ABE32D76B6B20055C2AB /* URLSession+data.swift */; };
/* End PBXBuildFile section */

/* Begin PBXFileReference section */
		8B010D192D8B45690040A4FC /* UIBlockingProgressHUD.swift */ = {isa = PBXFileReference; lastKnownFileType = sourcecode.swift; path = UIBlockingProgressHUD.swift; sourceTree = "<group>"; };
		8B010D252DA4F2120040A4FC /* ProfileService.swift */ = {isa = PBXFileReference; lastKnownFileType = sourcecode.swift; path = ProfileService.swift; sourceTree = "<group>"; };
		8B010D272DA705670040A4FC /* ProfileImageService.swift */ = {isa = PBXFileReference; lastKnownFileType = sourcecode.swift; path = ProfileImageService.swift; sourceTree = "<group>"; };
		8B010D292DA968810040A4FC /* NetworkService.swift */ = {isa = PBXFileReference; lastKnownFileType = sourcecode.swift; path = NetworkService.swift; sourceTree = "<group>"; };
		8B010D312DAD1D5F0040A4FC /* TabBarController.swift */ = {isa = PBXFileReference; lastKnownFileType = sourcecode.swift; path = TabBarController.swift; sourceTree = "<group>"; };
		8B470F342D47CE3F008D8A07 /* ImagesListCell.swift */ = {isa = PBXFileReference; lastKnownFileType = sourcecode.swift; path = ImagesListCell.swift; sourceTree = "<group>"; };
		8B470F402D55E93B008D8A07 /* ProfileViewController.swift */ = {isa = PBXFileReference; lastKnownFileType = sourcecode.swift; path = ProfileViewController.swift; sourceTree = "<group>"; };
		8B4F42382D5CF47600FF5892 /* SingleImageViewController.swift */ = {isa = PBXFileReference; lastKnownFileType = sourcecode.swift; path = SingleImageViewController.swift; sourceTree = "<group>"; };
		8B713EFC2D366CED0012AC23 /* imageFeed.app */ = {isa = PBXFileReference; explicitFileType = wrapper.application; includeInIndex = 0; path = imageFeed.app; sourceTree = BUILT_PRODUCTS_DIR; };
		8B713EFF2D366CED0012AC23 /* AppDelegate.swift */ = {isa = PBXFileReference; lastKnownFileType = sourcecode.swift; path = AppDelegate.swift; sourceTree = "<group>"; };
		8B713F012D366CED0012AC23 /* SceneDelegate.swift */ = {isa = PBXFileReference; lastKnownFileType = sourcecode.swift; path = SceneDelegate.swift; sourceTree = "<group>"; };
		8B713F032D366CED0012AC23 /* ImagesListViewController.swift */ = {isa = PBXFileReference; lastKnownFileType = sourcecode.swift; path = ImagesListViewController.swift; sourceTree = "<group>"; };
		8B713F062D366CED0012AC23 /* Base */ = {isa = PBXFileReference; lastKnownFileType = file.storyboard; name = Base; path = Base.lproj/Main.storyboard; sourceTree = "<group>"; };
		8B713F082D366CEF0012AC23 /* Assets.xcassets */ = {isa = PBXFileReference; lastKnownFileType = folder.assetcatalog; path = Assets.xcassets; sourceTree = "<group>"; };
		8B713F0B2D366CEF0012AC23 /* Base */ = {isa = PBXFileReference; lastKnownFileType = file.storyboard; name = Base; path = Base.lproj/LaunchScreen.storyboard; sourceTree = "<group>"; };
		8B713F0D2D366CEF0012AC23 /* Info.plist */ = {isa = PBXFileReference; lastKnownFileType = text.plist.xml; path = Info.plist; sourceTree = "<group>"; };
		8B925B472DB80A9C00A761DD /* Photo .swift */ = {isa = PBXFileReference; lastKnownFileType = sourcecode.swift; path = "Photo .swift"; sourceTree = "<group>"; };
		8B925B492DB80ABE00A761DD /* PhotoResult.swift */ = {isa = PBXFileReference; lastKnownFileType = sourcecode.swift; path = PhotoResult.swift; sourceTree = "<group>"; };
		8BA2C1982DCA93A100A44C18 /* Array+Extensions.swift */ = {isa = PBXFileReference; lastKnownFileType = sourcecode.swift; name = "Array+Extensions.swift"; path = "imageFeed/Models/Array+Extensions.swift"; sourceTree = SOURCE_ROOT; };
		8BA2C19A2DCEC07600A44C18 /* ProfileLogoutService.swift */ = {isa = PBXFileReference; lastKnownFileType = sourcecode.swift; path = ProfileLogoutService.swift; sourceTree = "<group>"; };
		8BCC328E2DB1B9A5009B500D /* Profile.swift */ = {isa = PBXFileReference; lastKnownFileType = sourcecode.swift; path = Profile.swift; sourceTree = "<group>"; };
		8BCC32902DB1B9D4009B500D /* ProfileResult.swift */ = {isa = PBXFileReference; lastKnownFileType = sourcecode.swift; path = ProfileResult.swift; sourceTree = "<group>"; };
		8BCC32972DB63262009B500D /* ImagesListService.swift */ = {isa = PBXFileReference; lastKnownFileType = sourcecode.swift; path = ImagesListService.swift; sourceTree = "<group>"; };
		8BD136122D78E96E00ED0B4B /* OAuthTokenResponseBody.swift */ = {isa = PBXFileReference; lastKnownFileType = sourcecode.swift; path = OAuthTokenResponseBody.swift; sourceTree = "<group>"; };
		8BD136142D78E9F700ED0B4B /* OAuth2TokenStorage.swift */ = {isa = PBXFileReference; lastKnownFileType = sourcecode.swift; path = OAuth2TokenStorage.swift; sourceTree = "<group>"; };
		8BD136172D79672E00ED0B4B /* SplashViewController.swift */ = {isa = PBXFileReference; lastKnownFileType = sourcecode.swift; path = SplashViewController.swift; sourceTree = "<group>"; };
		8BEF23422D6721F1004CDD81 /* Constants.swift */ = {isa = PBXFileReference; lastKnownFileType = sourcecode.swift; path = Constants.swift; sourceTree = "<group>"; };
		8BEF23442D673C1F004CDD81 /* AuthViewController.swift */ = {isa = PBXFileReference; lastKnownFileType = sourcecode.swift; path = AuthViewController.swift; sourceTree = "<group>"; };
		8BEF23472D673D07004CDD81 /* WebViewViewController.swift */ = {isa = PBXFileReference; lastKnownFileType = sourcecode.swift; path = WebViewViewController.swift; sourceTree = "<group>"; };
		8BF5ABE12D7661690055C2AB /* OAuth2Service.swift */ = {isa = PBXFileReference; lastKnownFileType = sourcecode.swift; path = OAuth2Service.swift; sourceTree = "<group>"; };
		8BF5ABE32D76B6B20055C2AB /* URLSession+data.swift */ = {isa = PBXFileReference; lastKnownFileType = sourcecode.swift; path = "URLSession+data.swift"; sourceTree = "<group>"; };
/* End PBXFileReference section */

/* Begin PBXFrameworksBuildPhase section */
		8B713EF92D366CED0012AC23 /* Frameworks */ = {
			isa = PBXFrameworksBuildPhase;
			buildActionMask = 2147483647;
			files = (
				8B010D2D2DA9E5050040A4FC /* Kingfisher in Frameworks */,
				8B6280B52D84EC5300A3D5E7 /* ProgressHUD in Frameworks */,
				8B010D302DAA65E70040A4FC /* SwiftKeychainWrapper in Frameworks */,
			);
			runOnlyForDeploymentPostprocessing = 0;
		};
/* End PBXFrameworksBuildPhase section */

/* Begin PBXGroup section */
		8B713EF32D366CED0012AC23 = {
			isa = PBXGroup;
			children = (
				8B713EFE2D366CED0012AC23 /* imageFeed */,
				8B713EFD2D366CED0012AC23 /* Products */,
			);
			sourceTree = "<group>";
		};
		8B713EFD2D366CED0012AC23 /* Products */ = {
			isa = PBXGroup;
			children = (
				8B713EFC2D366CED0012AC23 /* imageFeed.app */,
			);
			name = Products;
			sourceTree = "<group>";
		};
		8B713EFE2D366CED0012AC23 /* imageFeed */ = {
			isa = PBXGroup;
			children = (
				8B713EFF2D366CED0012AC23 /* AppDelegate.swift */,
				8B713F012D366CED0012AC23 /* SceneDelegate.swift */,
				8BCC32922DB1BA7A009B500D /* Models */,
				8BCC32932DB1BB82009B500D /* Services */,
				8BCC32942DB1BBF8009B500D /* Helpers */,
				8BCC32952DB1BEB2009B500D /* Presentation */,
				8BCC32962DB1BF76009B500D /* Resources */,
				8B713F0D2D366CEF0012AC23 /* Info.plist */,
			);
			path = imageFeed;
			sourceTree = "<group>";
		};
		8BCC32922DB1BA7A009B500D /* Models */ = {
			isa = PBXGroup;
			children = (
				8BCC32902DB1B9D4009B500D /* ProfileResult.swift */,
				8BCC328E2DB1B9A5009B500D /* Profile.swift */,
				8BD136122D78E96E00ED0B4B /* OAuthTokenResponseBody.swift */,
				8B925B472DB80A9C00A761DD /* Photo .swift */,
				8B925B492DB80ABE00A761DD /* PhotoResult.swift */,
			);
			path = Models;
			sourceTree = "<group>";
		};
		8BCC32932DB1BB82009B500D /* Services */ = {
			isa = PBXGroup;
			children = (
				8B010D292DA968810040A4FC /* NetworkService.swift */,
				8BF5ABE12D7661690055C2AB /* OAuth2Service.swift */,
				8BD136142D78E9F700ED0B4B /* OAuth2TokenStorage.swift */,
				8B010D252DA4F2120040A4FC /* ProfileService.swift */,
				8B010D272DA705670040A4FC /* ProfileImageService.swift */,
				8BCC32972DB63262009B500D /* ImagesListService.swift */,
				8BA2C19A2DCEC07600A44C18 /* ProfileLogoutService.swift */,
			);
			path = Services;
			sourceTree = "<group>";
		};
		8BCC32942DB1BBF8009B500D /* Helpers */ = {
			isa = PBXGroup;
			children = (
				8BA2C1982DCA93A100A44C18 /* Array+Extensions.swift */,
				8B010D192D8B45690040A4FC /* UIBlockingProgressHUD.swift */,
				8BEF23422D6721F1004CDD81 /* Constants.swift */,
				8BF5ABE32D76B6B20055C2AB /* URLSession+data.swift */,
			);
			path = Helpers;
			sourceTree = "<group>";
		};
		8BCC32952DB1BEB2009B500D /* Presentation */ = {
			isa = PBXGroup;
			children = (
				8B713F032D366CED0012AC23 /* ImagesListViewController.swift */,
				8B470F342D47CE3F008D8A07 /* ImagesListCell.swift */,
				8B470F402D55E93B008D8A07 /* ProfileViewController.swift */,
				8B4F42382D5CF47600FF5892 /* SingleImageViewController.swift */,
				8B010D312DAD1D5F0040A4FC /* TabBarController.swift */,
				8BEF23442D673C1F004CDD81 /* AuthViewController.swift */,
				8BD136172D79672E00ED0B4B /* SplashViewController.swift */,
				8BEF23472D673D07004CDD81 /* WebViewViewController.swift */,
				8B713F052D366CED0012AC23 /* Main.storyboard */,
			);
			path = Presentation;
			sourceTree = "<group>";
		};
		8BCC32962DB1BF76009B500D /* Resources */ = {
			isa = PBXGroup;
			children = (
				8B713F082D366CEF0012AC23 /* Assets.xcassets */,
				8B713F0A2D366CEF0012AC23 /* LaunchScreen.storyboard */,
			);
			path = Resources;
			sourceTree = "<group>";
		};
/* End PBXGroup section */

/* Begin PBXNativeTarget section */
		8B713EFB2D366CED0012AC23 /* imageFeed */ = {
			isa = PBXNativeTarget;
			buildConfigurationList = 8B713F102D366CEF0012AC23 /* Build configuration list for PBXNativeTarget "imageFeed" */;
			buildPhases = (
				8B713EF82D366CED0012AC23 /* Sources */,
				8B713EF92D366CED0012AC23 /* Frameworks */,
				8B713EFA2D366CED0012AC23 /* Resources */,
			);
			buildRules = (
			);
			dependencies = (
			);
			name = imageFeed;
			productName = imageFeed;
			productReference = 8B713EFC2D366CED0012AC23 /* imageFeed.app */;
			productType = "com.apple.product-type.application";
		};
/* End PBXNativeTarget section */

/* Begin PBXProject section */
		8B713EF42D366CED0012AC23 /* Project object */ = {
			isa = PBXProject;
			attributes = {
				BuildIndependentTargetsInParallel = 1;
				LastSwiftUpdateCheck = 1540;
				LastUpgradeCheck = 1540;
				TargetAttributes = {
					8B713EFB2D366CED0012AC23 = {
						CreatedOnToolsVersion = 15.4;
					};
				};
			};
			buildConfigurationList = 8B713EF72D366CED0012AC23 /* Build configuration list for PBXProject "imageFeed" */;
			compatibilityVersion = "Xcode 14.0";
			developmentRegion = en;
			hasScannedForEncodings = 0;
			knownRegions = (
				en,
				Base,
			);
			mainGroup = 8B713EF32D366CED0012AC23;
			packageReferences = (
				8B6280B32D84EC5300A3D5E7 /* XCRemoteSwiftPackageReference "ProgressHUD" */,
				8B010D2B2DA9E5050040A4FC /* XCRemoteSwiftPackageReference "Kingfisher" */,
				8B010D2E2DAA65E70040A4FC /* XCRemoteSwiftPackageReference "SwiftKeychainWrapper" */,
			);
			productRefGroup = 8B713EFD2D366CED0012AC23 /* Products */;
			projectDirPath = "";
			projectRoot = "";
			targets = (
				8B713EFB2D366CED0012AC23 /* imageFeed */,
			);
		};
/* End PBXProject section */

/* Begin PBXResourcesBuildPhase section */
		8B713EFA2D366CED0012AC23 /* Resources */ = {
			isa = PBXResourcesBuildPhase;
			buildActionMask = 2147483647;
			files = (
				8B713F092D366CEF0012AC23 /* Assets.xcassets in Resources */,
				8B713F0C2D366CEF0012AC23 /* Base in Resources */,
				8B713F072D366CED0012AC23 /* Base in Resources */,
				8B0B7FC32D57EF7D002541CA /* Main.storyboard in Resources */,
			);
			runOnlyForDeploymentPostprocessing = 0;
		};
/* End PBXResourcesBuildPhase section */

/* Begin PBXSourcesBuildPhase section */
		8B713EF82D366CED0012AC23 /* Sources */ = {
			isa = PBXSourcesBuildPhase;
			buildActionMask = 2147483647;
			files = (
				8B713F042D366CED0012AC23 /* ImagesListViewController.swift in Sources */,
				8BCC328F2DB1B9A5009B500D /* Profile.swift in Sources */,
				8B010D262DA4F2120040A4FC /* ProfileService.swift in Sources */,
				8B470F352D47CE3F008D8A07 /* ImagesListCell.swift in Sources */,
				8BD136132D78E96E00ED0B4B /* OAuthTokenResponseBody.swift in Sources */,
				8B010D2A2DA968810040A4FC /* NetworkService.swift in Sources */,
				8BA2C1992DCA93A100A44C18 /* Array+Extensions.swift in Sources */,
				8B470F412D55E93B008D8A07 /* ProfileViewController.swift in Sources */,
				8BCC32982DB63262009B500D /* ImagesListService.swift in Sources */,
				8B713F002D366CED0012AC23 /* AppDelegate.swift in Sources */,
				8B925B482DB80A9C00A761DD /* Photo .swift in Sources */,
				8B010D282DA705670040A4FC /* ProfileImageService.swift in Sources */,
				8BD136182D79672E00ED0B4B /* SplashViewController.swift in Sources */,
				8BEF23452D673C1F004CDD81 /* AuthViewController.swift in Sources */,
				8B010D322DAD1D5F0040A4FC /* TabBarController.swift in Sources */,
				8BA2C19B2DCEC07600A44C18 /* ProfileLogoutService.swift in Sources */,
				8BEF23432D6721F1004CDD81 /* Constants.swift in Sources */,
				8BCC32912DB1B9D4009B500D /* ProfileResult.swift in Sources */,
				8B010D1A2D8B45690040A4FC /* UIBlockingProgressHUD.swift in Sources */,
				8B4F42392D5CF47600FF5892 /* SingleImageViewController.swift in Sources */,
				8BF5ABE42D76B6B20055C2AB /* URLSession+data.swift in Sources */,
				8BEF23482D673D07004CDD81 /* WebViewViewController.swift in Sources */,
				8BF5ABE22D76616A0055C2AB /* OAuth2Service.swift in Sources */,
				8B925B4A2DB80ABE00A761DD /* PhotoResult.swift in Sources */,
				8BD136152D78E9F700ED0B4B /* OAuth2TokenStorage.swift in Sources */,
				8B713F022D366CED0012AC23 /* SceneDelegate.swift in Sources */,
			);
			runOnlyForDeploymentPostprocessing = 0;
		};
/* End PBXSourcesBuildPhase section */

/* Begin PBXVariantGroup section */
		8B713F052D366CED0012AC23 /* Main.storyboard */ = {
			isa = PBXVariantGroup;
			children = (
				8B713F062D366CED0012AC23 /* Base */,
			);
			name = Main.storyboard;
			sourceTree = "<group>";
		};
		8B713F0A2D366CEF0012AC23 /* LaunchScreen.storyboard */ = {
			isa = PBXVariantGroup;
			children = (
				8B713F0B2D366CEF0012AC23 /* Base */,
			);
			name = LaunchScreen.storyboard;
			sourceTree = "<group>";
		};
/* End PBXVariantGroup section */

/* Begin XCBuildConfiguration section */
		8B713F0E2D366CEF0012AC23 /* Debug */ = {
			isa = XCBuildConfiguration;
			buildSettings = {
				ALWAYS_SEARCH_USER_PATHS = NO;
				ASSETCATALOG_COMPILER_GENERATE_SWIFT_ASSET_SYMBOL_EXTENSIONS = YES;
				CLANG_ANALYZER_NONNULL = YES;
				CLANG_ANALYZER_NUMBER_OBJECT_CONVERSION = YES_AGGRESSIVE;
				CLANG_CXX_LANGUAGE_STANDARD = "gnu++20";
				CLANG_ENABLE_MODULES = YES;
				CLANG_ENABLE_OBJC_ARC = YES;
				CLANG_ENABLE_OBJC_WEAK = YES;
				CLANG_WARN_BLOCK_CAPTURE_AUTORELEASING = YES;
				CLANG_WARN_BOOL_CONVERSION = YES;
				CLANG_WARN_COMMA = YES;
				CLANG_WARN_CONSTANT_CONVERSION = YES;
				CLANG_WARN_DEPRECATED_OBJC_IMPLEMENTATIONS = YES;
				CLANG_WARN_DIRECT_OBJC_ISA_USAGE = YES_ERROR;
				CLANG_WARN_DOCUMENTATION_COMMENTS = YES;
				CLANG_WARN_EMPTY_BODY = YES;
				CLANG_WARN_ENUM_CONVERSION = YES;
				CLANG_WARN_INFINITE_RECURSION = YES;
				CLANG_WARN_INT_CONVERSION = YES;
				CLANG_WARN_NON_LITERAL_NULL_CONVERSION = YES;
				CLANG_WARN_OBJC_IMPLICIT_RETAIN_SELF = YES;
				CLANG_WARN_OBJC_LITERAL_CONVERSION = YES;
				CLANG_WARN_OBJC_ROOT_CLASS = YES_ERROR;
				CLANG_WARN_QUOTED_INCLUDE_IN_FRAMEWORK_HEADER = YES;
				CLANG_WARN_RANGE_LOOP_ANALYSIS = YES;
				CLANG_WARN_STRICT_PROTOTYPES = YES;
				CLANG_WARN_SUSPICIOUS_MOVE = YES;
				CLANG_WARN_UNGUARDED_AVAILABILITY = YES_AGGRESSIVE;
				CLANG_WARN_UNREACHABLE_CODE = YES;
				CLANG_WARN__DUPLICATE_METHOD_MATCH = YES;
				COPY_PHASE_STRIP = NO;
				DEBUG_INFORMATION_FORMAT = dwarf;
				ENABLE_STRICT_OBJC_MSGSEND = YES;
				ENABLE_TESTABILITY = YES;
				ENABLE_USER_SCRIPT_SANDBOXING = YES;
				GCC_C_LANGUAGE_STANDARD = gnu17;
				GCC_DYNAMIC_NO_PIC = NO;
				GCC_NO_COMMON_BLOCKS = YES;
				GCC_OPTIMIZATION_LEVEL = 0;
				GCC_PREPROCESSOR_DEFINITIONS = (
					"DEBUG=1",
					"$(inherited)",
				);
				GCC_WARN_64_TO_32_BIT_CONVERSION = YES;
				GCC_WARN_ABOUT_RETURN_TYPE = YES_ERROR;
				GCC_WARN_UNDECLARED_SELECTOR = YES;
				GCC_WARN_UNINITIALIZED_AUTOS = YES_AGGRESSIVE;
				GCC_WARN_UNUSED_FUNCTION = YES;
				GCC_WARN_UNUSED_VARIABLE = YES;
				IPHONEOS_DEPLOYMENT_TARGET = 17.5;
				LOCALIZATION_PREFERS_STRING_CATALOGS = YES;
				MTL_ENABLE_DEBUG_INFO = INCLUDE_SOURCE;
				MTL_FAST_MATH = YES;
				ONLY_ACTIVE_ARCH = YES;
				SDKROOT = iphoneos;
				SWIFT_ACTIVE_COMPILATION_CONDITIONS = "DEBUG $(inherited)";
				SWIFT_OPTIMIZATION_LEVEL = "-Onone";
			};
			name = Debug;
		};
		8B713F0F2D366CEF0012AC23 /* Release */ = {
			isa = XCBuildConfiguration;
			buildSettings = {
				ALWAYS_SEARCH_USER_PATHS = NO;
				ASSETCATALOG_COMPILER_GENERATE_SWIFT_ASSET_SYMBOL_EXTENSIONS = YES;
				CLANG_ANALYZER_NONNULL = YES;
				CLANG_ANALYZER_NUMBER_OBJECT_CONVERSION = YES_AGGRESSIVE;
				CLANG_CXX_LANGUAGE_STANDARD = "gnu++20";
				CLANG_ENABLE_MODULES = YES;
				CLANG_ENABLE_OBJC_ARC = YES;
				CLANG_ENABLE_OBJC_WEAK = YES;
				CLANG_WARN_BLOCK_CAPTURE_AUTORELEASING = YES;
				CLANG_WARN_BOOL_CONVERSION = YES;
				CLANG_WARN_COMMA = YES;
				CLANG_WARN_CONSTANT_CONVERSION = YES;
				CLANG_WARN_DEPRECATED_OBJC_IMPLEMENTATIONS = YES;
				CLANG_WARN_DIRECT_OBJC_ISA_USAGE = YES_ERROR;
				CLANG_WARN_DOCUMENTATION_COMMENTS = YES;
				CLANG_WARN_EMPTY_BODY = YES;
				CLANG_WARN_ENUM_CONVERSION = YES;
				CLANG_WARN_INFINITE_RECURSION = YES;
				CLANG_WARN_INT_CONVERSION = YES;
				CLANG_WARN_NON_LITERAL_NULL_CONVERSION = YES;
				CLANG_WARN_OBJC_IMPLICIT_RETAIN_SELF = YES;
				CLANG_WARN_OBJC_LITERAL_CONVERSION = YES;
				CLANG_WARN_OBJC_ROOT_CLASS = YES_ERROR;
				CLANG_WARN_QUOTED_INCLUDE_IN_FRAMEWORK_HEADER = YES;
				CLANG_WARN_RANGE_LOOP_ANALYSIS = YES;
				CLANG_WARN_STRICT_PROTOTYPES = YES;
				CLANG_WARN_SUSPICIOUS_MOVE = YES;
				CLANG_WARN_UNGUARDED_AVAILABILITY = YES_AGGRESSIVE;
				CLANG_WARN_UNREACHABLE_CODE = YES;
				CLANG_WARN__DUPLICATE_METHOD_MATCH = YES;
				COPY_PHASE_STRIP = NO;
				DEBUG_INFORMATION_FORMAT = "dwarf-with-dsym";
				ENABLE_NS_ASSERTIONS = NO;
				ENABLE_STRICT_OBJC_MSGSEND = YES;
				ENABLE_USER_SCRIPT_SANDBOXING = YES;
				GCC_C_LANGUAGE_STANDARD = gnu17;
				GCC_NO_COMMON_BLOCKS = YES;
				GCC_WARN_64_TO_32_BIT_CONVERSION = YES;
				GCC_WARN_ABOUT_RETURN_TYPE = YES_ERROR;
				GCC_WARN_UNDECLARED_SELECTOR = YES;
				GCC_WARN_UNINITIALIZED_AUTOS = YES_AGGRESSIVE;
				GCC_WARN_UNUSED_FUNCTION = YES;
				GCC_WARN_UNUSED_VARIABLE = YES;
				IPHONEOS_DEPLOYMENT_TARGET = 17.5;
				LOCALIZATION_PREFERS_STRING_CATALOGS = YES;
				MTL_ENABLE_DEBUG_INFO = NO;
				MTL_FAST_MATH = YES;
				SDKROOT = iphoneos;
				SWIFT_COMPILATION_MODE = wholemodule;
				VALIDATE_PRODUCT = YES;
			};
			name = Release;
		};
		8B713F112D366CEF0012AC23 /* Debug */ = {
			isa = XCBuildConfiguration;
			buildSettings = {
				ASSETCATALOG_COMPILER_APPICON_NAME = AppIcon;
				ASSETCATALOG_COMPILER_GLOBAL_ACCENT_COLOR_NAME = AccentColor;
				CODE_SIGN_STYLE = Automatic;
				CURRENT_PROJECT_VERSION = 1;
				DEVELOPMENT_TEAM = Z482M3426U;
				GENERATE_INFOPLIST_FILE = YES;
				INFOPLIST_FILE = imageFeed/Info.plist;
				INFOPLIST_KEY_UIApplicationSupportsIndirectInputEvents = YES;
				INFOPLIST_KEY_UILaunchStoryboardName = LaunchScreen;
				INFOPLIST_KEY_UIMainStoryboardFile = Main;
				INFOPLIST_KEY_UIStatusBarStyle = "";
				INFOPLIST_KEY_UISupportedInterfaceOrientations = UIInterfaceOrientationPortrait;
				IPHONEOS_DEPLOYMENT_TARGET = 13;
				LD_RUNPATH_SEARCH_PATHS = (
					"$(inherited)",
					"@executable_path/Frameworks",
				);
				MARKETING_VERSION = 1.0;
				PRODUCT_BUNDLE_IDENTIFIER = com.Medinah15.imageFeed;
				PRODUCT_NAME = "$(TARGET_NAME)";
				SUPPORTED_PLATFORMS = "iphoneos iphonesimulator";
				SUPPORTS_MACCATALYST = NO;
				SWIFT_EMIT_LOC_STRINGS = YES;
				SWIFT_VERSION = 5.0;
				TARGETED_DEVICE_FAMILY = 1;
			};
			name = Debug;
		};
		8B713F122D366CEF0012AC23 /* Release */ = {
			isa = XCBuildConfiguration;
			buildSettings = {
				ASSETCATALOG_COMPILER_APPICON_NAME = AppIcon;
				ASSETCATALOG_COMPILER_GLOBAL_ACCENT_COLOR_NAME = AccentColor;
				CODE_SIGN_STYLE = Automatic;
				CURRENT_PROJECT_VERSION = 1;
				DEVELOPMENT_TEAM = Z482M3426U;
				GENERATE_INFOPLIST_FILE = YES;
				INFOPLIST_FILE = imageFeed/Info.plist;
				INFOPLIST_KEY_UIApplicationSupportsIndirectInputEvents = YES;
				INFOPLIST_KEY_UILaunchStoryboardName = LaunchScreen;
				INFOPLIST_KEY_UIMainStoryboardFile = Main;
				INFOPLIST_KEY_UIStatusBarStyle = "";
				INFOPLIST_KEY_UISupportedInterfaceOrientations = UIInterfaceOrientationPortrait;
				IPHONEOS_DEPLOYMENT_TARGET = 13;
				LD_RUNPATH_SEARCH_PATHS = (
					"$(inherited)",
					"@executable_path/Frameworks",
				);
				MARKETING_VERSION = 1.0;
				PRODUCT_BUNDLE_IDENTIFIER = com.Medinah15.imageFeed;
				PRODUCT_NAME = "$(TARGET_NAME)";
				SUPPORTED_PLATFORMS = "iphoneos iphonesimulator";
				SUPPORTS_MACCATALYST = NO;
				SWIFT_EMIT_LOC_STRINGS = YES;
				SWIFT_VERSION = 5.0;
				TARGETED_DEVICE_FAMILY = 1;
			};
			name = Release;
		};
/* End XCBuildConfiguration section */

/* Begin XCConfigurationList section */
		8B713EF72D366CED0012AC23 /* Build configuration list for PBXProject "imageFeed" */ = {
			isa = XCConfigurationList;
			buildConfigurations = (
				8B713F0E2D366CEF0012AC23 /* Debug */,
				8B713F0F2D366CEF0012AC23 /* Release */,
			);
			defaultConfigurationIsVisible = 0;
			defaultConfigurationName = Release;
		};
		8B713F102D366CEF0012AC23 /* Build configuration list for PBXNativeTarget "imageFeed" */ = {
			isa = XCConfigurationList;
			buildConfigurations = (
				8B713F112D366CEF0012AC23 /* Debug */,
				8B713F122D366CEF0012AC23 /* Release */,
			);
			defaultConfigurationIsVisible = 0;
			defaultConfigurationName = Release;
		};
/* End XCConfigurationList section */

/* Begin XCRemoteSwiftPackageReference section */
		8B010D2B2DA9E5050040A4FC /* XCRemoteSwiftPackageReference "Kingfisher" */ = {
			isa = XCRemoteSwiftPackageReference;
			repositoryURL = "https://github.com/onevcat/Kingfisher.git";
			requirement = {
				kind = upToNextMajorVersion;
				minimumVersion = 8.3.2;
			};
		};
		8B010D2E2DAA65E70040A4FC /* XCRemoteSwiftPackageReference "SwiftKeychainWrapper" */ = {
			isa = XCRemoteSwiftPackageReference;
			repositoryURL = "https://github.com/jrendel/SwiftKeychainWrapper";
			requirement = {
				kind = upToNextMajorVersion;
				minimumVersion = 4.0.1;
			};
		};
		8B6280B32D84EC5300A3D5E7 /* XCRemoteSwiftPackageReference "ProgressHUD" */ = {
			isa = XCRemoteSwiftPackageReference;
			repositoryURL = "https://github.com/relatedcode/ProgressHUD";
			requirement = {
				kind = upToNextMajorVersion;
				minimumVersion = 14.1.3;
			};
		};
/* End XCRemoteSwiftPackageReference section */

/* Begin XCSwiftPackageProductDependency section */
		8B010D2C2DA9E5050040A4FC /* Kingfisher */ = {
			isa = XCSwiftPackageProductDependency;
			package = 8B010D2B2DA9E5050040A4FC /* XCRemoteSwiftPackageReference "Kingfisher" */;
			productName = Kingfisher;
		};
		8B010D2F2DAA65E70040A4FC /* SwiftKeychainWrapper */ = {
			isa = XCSwiftPackageProductDependency;
			package = 8B010D2E2DAA65E70040A4FC /* XCRemoteSwiftPackageReference "SwiftKeychainWrapper" */;
			productName = SwiftKeychainWrapper;
		};
		8B6280B42D84EC5300A3D5E7 /* ProgressHUD */ = {
			isa = XCSwiftPackageProductDependency;
			package = 8B6280B32D84EC5300A3D5E7 /* XCRemoteSwiftPackageReference "ProgressHUD" */;
			productName = ProgressHUD;
		};
/* End XCSwiftPackageProductDependency section */
	};
	rootObject = 8B713EF42D366CED0012AC23 /* Project object */;
}
